
Microsoft Visual Studio Solution File, Format Version 12.00
# Visual Studio Version 16
VisualStudioVersion = 16.0.31019.35
MinimumVisualStudioVersion = 10.0.40219.1
Project("{FAE04EC0-301F-11D3-BF4B-00C04F79EFBC}") = "Github1", "Github1\Github1.csproj", "{01BF631E-A9DD-4540-A9F6-048589017313}"
EndProject
Global
	GlobalSection(SolutionConfigurationPlatforms) = preSolution
		Debug|Any CPU = Debug|Any CPU
		Release|Any CPU = Release|Any CPU
	EndGlobalSection
	GlobalSection(ProjectConfigurationPlatforms) = postSolution
		{01BF631E-A9DD-4540-A9F6-048589017313}.Debug|Any CPU.ActiveCfg = Debug|Any CPU
		{01BF631E-A9DD-4540-A9F6-048589017313}.Debug|Any CPU.Build.0 = Debug|Any CPU
		{01BF631E-A9DD-4540-A9F6-048589017313}.Release|Any CPU.ActiveCfg = Release|Any CPU
		{01BF631E-A9DD-4540-A9F6-048589017313}.Release|Any CPU.Build.0 = Release|Any CPU
	EndGlobalSection
	GlobalSection(SolutionProperties) = preSolution
		HideSolutionNode = FALSE
	EndGlobalSection
	GlobalSection(ExtensibilityGlobals) = postSolution
		SolutionGuid = {1484287B-39E7-4E64-AAEE-10FD825E896C}
	EndGlobalSection
EndGlobal
